
Microsoft Visual Studio Solution File, Format Version 12.00
# Visual Studio 2012
Project("{D954291E-2A0B-460D-934E-DC6B0785DB48}") = "TheLiveTimer.Client", "TheLiveTimer.Client\TheLiveTimer.Client.shproj", "{788DB49A-FDE1-4577-B2AE-E124ED4CA062}"
EndProject
Project("{FAE04EC0-301F-11D3-BF4B-00C04F79EFBC}") = "TheLiveTimer.Client.iOS", "iOS\TheLiveTimer.Client.iOS.csproj", "{E1AC9A91-7CC6-47CD-A111-FC2B0FE37684}"
EndProject
Project("{FAE04EC0-301F-11D3-BF4B-00C04F79EFBC}") = "TheLiveTimer.Client.Droid", "Droid\TheLiveTimer.Client.Droid.csproj", "{0CE3CF28-F13F-4817-8E38-2A4923111403}"
EndProject
Global
	GlobalSection(SolutionConfigurationPlatforms) = preSolution
		Debug|iPhoneSimulator = Debug|iPhoneSimulator
		Release|iPhone = Release|iPhone
		Release|iPhoneSimulator = Release|iPhoneSimulator
		Debug|iPhone = Debug|iPhone
		Debug|Any CPU = Debug|Any CPU
		Release|Any CPU = Release|Any CPU
	EndGlobalSection
	GlobalSection(ProjectConfigurationPlatforms) = postSolution
		{E1AC9A91-7CC6-47CD-A111-FC2B0FE37684}.Debug|iPhoneSimulator.ActiveCfg = Debug|iPhoneSimulator
		{E1AC9A91-7CC6-47CD-A111-FC2B0FE37684}.Debug|iPhoneSimulator.Build.0 = Debug|iPhoneSimulator
		{E1AC9A91-7CC6-47CD-A111-FC2B0FE37684}.Release|iPhone.ActiveCfg = Release|iPhone
		{E1AC9A91-7CC6-47CD-A111-FC2B0FE37684}.Release|iPhone.Build.0 = Release|iPhone
		{E1AC9A91-7CC6-47CD-A111-FC2B0FE37684}.Release|iPhoneSimulator.ActiveCfg = Release|iPhoneSimulator
		{E1AC9A91-7CC6-47CD-A111-FC2B0FE37684}.Release|iPhoneSimulator.Build.0 = Release|iPhoneSimulator
		{E1AC9A91-7CC6-47CD-A111-FC2B0FE37684}.Debug|iPhone.ActiveCfg = Debug|iPhone
		{E1AC9A91-7CC6-47CD-A111-FC2B0FE37684}.Debug|iPhone.Build.0 = Debug|iPhone
		{E1AC9A91-7CC6-47CD-A111-FC2B0FE37684}.Debug|Any CPU.ActiveCfg = Debug|iPhoneSimulator
		{E1AC9A91-7CC6-47CD-A111-FC2B0FE37684}.Debug|Any CPU.Build.0 = Debug|iPhoneSimulator
		{E1AC9A91-7CC6-47CD-A111-FC2B0FE37684}.Release|Any CPU.ActiveCfg = Release|iPhone
		{E1AC9A91-7CC6-47CD-A111-FC2B0FE37684}.Release|Any CPU.Build.0 = Release|iPhone
		{0CE3CF28-F13F-4817-8E38-2A4923111403}.Debug|iPhoneSimulator.ActiveCfg = Debug|Any CPU
		{0CE3CF28-F13F-4817-8E38-2A4923111403}.Debug|iPhoneSimulator.Build.0 = Debug|Any CPU
		{0CE3CF28-F13F-4817-8E38-2A4923111403}.Release|iPhone.ActiveCfg = Release|Any CPU
		{0CE3CF28-F13F-4817-8E38-2A4923111403}.Release|iPhone.Build.0 = Release|Any CPU
		{0CE3CF28-F13F-4817-8E38-2A4923111403}.Release|iPhoneSimulator.ActiveCfg = Release|Any CPU
		{0CE3CF28-F13F-4817-8E38-2A4923111403}.Release|iPhoneSimulator.Build.0 = Release|Any CPU
		{0CE3CF28-F13F-4817-8E38-2A4923111403}.Debug|iPhone.ActiveCfg = Debug|Any CPU
		{0CE3CF28-F13F-4817-8E38-2A4923111403}.Debug|iPhone.Build.0 = Debug|Any CPU
		{0CE3CF28-F13F-4817-8E38-2A4923111403}.Debug|Any CPU.ActiveCfg = Debug|Any CPU
		{0CE3CF28-F13F-4817-8E38-2A4923111403}.Debug|Any CPU.Build.0 = Debug|Any CPU
		{0CE3CF28-F13F-4817-8E38-2A4923111403}.Release|Any CPU.ActiveCfg = Release|Any CPU
		{0CE3CF28-F13F-4817-8E38-2A4923111403}.Release|Any CPU.Build.0 = Release|Any CPU
	EndGlobalSection
EndGlobal
