
Microsoft Visual Studio Solution File, Format Version 12.00
# Visual Studio 15
VisualStudioVersion = 15.0.27130.2026
MinimumVisualStudioVersion = 10.0.40219.1
Project("{FAE04EC0-301F-11D3-BF4B-00C04F79EFBC}") = "ChurchTimer", "ChurchTimer\ChurchTimer.csproj", "{5BB14B49-5C7B-4DBA-A9EC-E2CCDC119000}"
EndProject
Project("{FAE04EC0-301F-11D3-BF4B-00C04F79EFBC}") = "TheLiveTimer.Network", "..\..\ApplicationLibaries\TheLiveTimer.Network\TheLiveTimer.Network\TheLiveTimer.Network.csproj", "{639A6684-818F-4A59-A210-65719D0DE8F1}"
EndProject
Global
	GlobalSection(SolutionConfigurationPlatforms) = preSolution
		Debug|Any CPU = Debug|Any CPU
		Release|Any CPU = Release|Any CPU
	EndGlobalSection
	GlobalSection(ProjectConfigurationPlatforms) = postSolution
		{5BB14B49-5C7B-4DBA-A9EC-E2CCDC119000}.Debug|Any CPU.ActiveCfg = Debug|Any CPU
		{5BB14B49-5C7B-4DBA-A9EC-E2CCDC119000}.Debug|Any CPU.Build.0 = Debug|Any CPU
		{5BB14B49-5C7B-4DBA-A9EC-E2CCDC119000}.Release|Any CPU.ActiveCfg = Release|Any CPU
		{5BB14B49-5C7B-4DBA-A9EC-E2CCDC119000}.Release|Any CPU.Build.0 = Release|Any CPU
		{639A6684-818F-4A59-A210-65719D0DE8F1}.Debug|Any CPU.ActiveCfg = Debug|Any CPU
		{639A6684-818F-4A59-A210-65719D0DE8F1}.Debug|Any CPU.Build.0 = Debug|Any CPU
		{639A6684-818F-4A59-A210-65719D0DE8F1}.Release|Any CPU.ActiveCfg = Release|Any CPU
		{639A6684-818F-4A59-A210-65719D0DE8F1}.Release|Any CPU.Build.0 = Release|Any CPU
	EndGlobalSection
	GlobalSection(SolutionProperties) = preSolution
		HideSolutionNode = FALSE
	EndGlobalSection
	GlobalSection(ExtensibilityGlobals) = postSolution
		SolutionGuid = {F259A662-A8C6-4352-BAB9-3774514613B2}
	EndGlobalSection
EndGlobal
