
Microsoft Visual Studio Solution File, Format Version 12.00
# Visual Studio 15
VisualStudioVersion = 15.0.27130.2026
MinimumVisualStudioVersion = 10.0.40219.1
Project("{FAE04EC0-301F-11D3-BF4B-00C04F79EFBC}") = "ChurchTimer", "ChurchTimer.csproj", "{FC1A67E3-5BAB-407B-A8BB-D411C4A6FF1B}"
EndProject
Global
	GlobalSection(SolutionConfigurationPlatforms) = preSolution
		Debug|Any CPU = Debug|Any CPU
		Debug|x86 = Debug|x86
		Release|Any CPU = Release|Any CPU
		Release|x86 = Release|x86
	EndGlobalSection
	GlobalSection(ProjectConfigurationPlatforms) = postSolution
		{FC1A67E3-5BAB-407B-A8BB-D411C4A6FF1B}.Debug|Any CPU.ActiveCfg = Debug|Any CPU
		{FC1A67E3-5BAB-407B-A8BB-D411C4A6FF1B}.Debug|Any CPU.Build.0 = Debug|Any CPU
		{FC1A67E3-5BAB-407B-A8BB-D411C4A6FF1B}.Debug|x86.ActiveCfg = Debug|x86
		{FC1A67E3-5BAB-407B-A8BB-D411C4A6FF1B}.Debug|x86.Build.0 = Debug|x86
		{FC1A67E3-5BAB-407B-A8BB-D411C4A6FF1B}.Release|Any CPU.ActiveCfg = Release|Any CPU
		{FC1A67E3-5BAB-407B-A8BB-D411C4A6FF1B}.Release|Any CPU.Build.0 = Release|Any CPU
		{FC1A67E3-5BAB-407B-A8BB-D411C4A6FF1B}.Release|x86.ActiveCfg = Release|x86
		{FC1A67E3-5BAB-407B-A8BB-D411C4A6FF1B}.Release|x86.Build.0 = Release|x86
	EndGlobalSection
	GlobalSection(SolutionProperties) = preSolution
		HideSolutionNode = FALSE
	EndGlobalSection
	GlobalSection(ExtensibilityGlobals) = postSolution
		SolutionGuid = {DF231315-669E-465C-8A77-D2C21F901BA0}
	EndGlobalSection
EndGlobal
